{
  "name": "container-queries",
  "version": "1.0.0",
  "lockfileVersion": 2,
  "requires": true,
  "packages": {
    "": {
      "name": "container-queries",
      "version": "1.0.0",
      "dependencies": {
        "container-query-polyfill": "^1.0.2"
      }
    },
    "node_modules/container-query-polyfill": {
      "version": "1.0.2",
      "resolved": "https://registry.npmjs.org/container-query-polyfill/-/container-query-polyfill-1.0.2.tgz",
      "integrity": "sha512-YjbsYHidpX0vgHRjTXfWV5Sai4EbocVuXuhL/lcVzRKcwlvVhU92yUqZwO6rRjMQMk08unLLBkQhu60u31LCIQ=="
    }
  },
  "dependencies": {
    "container-query-polyfill": {
      "version": "1.0.2",
      "resolved": "https://registry.npmjs.org/container-query-polyfill/-/container-query-polyfill-1.0.2.tgz",
      "integrity": "sha512-YjbsYHidpX0vgHRjTXfWV5Sai4EbocVuXuhL/lcVzRKcwlvVhU92yUqZwO6rRjMQMk08unLLBkQhu60u31LCIQ=="
    }
  }
}
