# THIS IS AN AUTOGENERATED FILE. DO NOT EDIT THIS FILE DIRECTLY.
# yarn lockfile v1


container-query-polyfill@^1.0.2:
  version "1.0.2"
  resolved "https://registry.yarnpkg.com/container-query-polyfill/-/container-query-polyfill-1.0.2.tgz#4c4f242ce9c060148da7583e84ec061ef13f9223"
  integrity sha512-YjbsYHidpX0vgHRjTXfWV5Sai4EbocVuXuhL/lcVzRKcwlvVhU92yUqZwO6rRjMQMk08unLLBkQhu60u31LCIQ==
